
Microsoft Visual Studio Solution File, Format Version 12.00
# Visual Studio Version 16
VisualStudioVersion = 16.0.30804.86
MinimumVisualStudioVersion = 10.0.40219.1
Project("{FAE04EC0-301F-11D3-BF4B-00C04F79EFBC}") = "Ajax.Web", "Ajax.Web\Ajax.Web.csproj", "{B198D553-DBBE-46EE-86CB-EC1115AFE6A3}"
EndProject
Project("{FAE04EC0-301F-11D3-BF4B-00C04F79EFBC}") = "Ajax.Data", "Ajax.Data\Ajax.Data.csproj", "{D41EF44F-DD37-4C56-A535-52690AC979B0}"
EndProject
Global
	GlobalSection(SolutionConfigurationPlatforms) = preSolution
		Debug|Any CPU = Debug|Any CPU
		Release|Any CPU = Release|Any CPU
	EndGlobalSection
	GlobalSection(ProjectConfigurationPlatforms) = postSolution
		{B198D553-DBBE-46EE-86CB-EC1115AFE6A3}.Debug|Any CPU.ActiveCfg = Debug|Any CPU
		{B198D553-DBBE-46EE-86CB-EC1115AFE6A3}.Debug|Any CPU.Build.0 = Debug|Any CPU
		{B198D553-DBBE-46EE-86CB-EC1115AFE6A3}.Release|Any CPU.ActiveCfg = Release|Any CPU
		{B198D553-DBBE-46EE-86CB-EC1115AFE6A3}.Release|Any CPU.Build.0 = Release|Any CPU
		{D41EF44F-DD37-4C56-A535-52690AC979B0}.Debug|Any CPU.ActiveCfg = Debug|Any CPU
		{D41EF44F-DD37-4C56-A535-52690AC979B0}.Debug|Any CPU.Build.0 = Debug|Any CPU
		{D41EF44F-DD37-4C56-A535-52690AC979B0}.Release|Any CPU.ActiveCfg = Release|Any CPU
		{D41EF44F-DD37-4C56-A535-52690AC979B0}.Release|Any CPU.Build.0 = Release|Any CPU
	EndGlobalSection
	GlobalSection(SolutionProperties) = preSolution
		HideSolutionNode = FALSE
	EndGlobalSection
	GlobalSection(ExtensibilityGlobals) = postSolution
		SolutionGuid = {DF6912FD-E797-4163-9FC3-DE8BDA3402EE}
	EndGlobalSection
EndGlobal
